
Microsoft Visual Studio Solution File, Format Version 12.00
# Visual Studio Version 17
VisualStudioVersion = 17.9.34622.214
MinimumVisualStudioVersion = 10.0.40219.1
Project("{FAE04EC0-301F-11D3-BF4B-00C04F79EFBC}") = "EmailService-API", "EmailService-API\EmailService-API.csproj", "{1D5C31DB-7FA0-457C-A7DF-AF99C599333C}"
EndProject
Global
	GlobalSection(SolutionConfigurationPlatforms) = preSolution
		Debug|Any CPU = Debug|Any CPU
		Release|Any CPU = Release|Any CPU
	EndGlobalSection
	GlobalSection(ProjectConfigurationPlatforms) = postSolution
		{1D5C31DB-7FA0-457C-A7DF-AF99C599333C}.Debug|Any CPU.ActiveCfg = Debug|Any CPU
		{1D5C31DB-7FA0-457C-A7DF-AF99C599333C}.Debug|Any CPU.Build.0 = Debug|Any CPU
		{1D5C31DB-7FA0-457C-A7DF-AF99C599333C}.Release|Any CPU.ActiveCfg = Release|Any CPU
		{1D5C31DB-7FA0-457C-A7DF-AF99C599333C}.Release|Any CPU.Build.0 = Release|Any CPU
	EndGlobalSection
	GlobalSection(SolutionProperties) = preSolution
		HideSolutionNode = FALSE
	EndGlobalSection
	GlobalSection(ExtensibilityGlobals) = postSolution
		SolutionGuid = {626347A6-94CE-4AD9-8A03-C910BB3F52F0}
	EndGlobalSection
EndGlobal
